
Microsoft Visual Studio Solution File, Format Version 12.00
# Visual Studio Version 16
VisualStudioVersion = 16.0.28803.452
MinimumVisualStudioVersion = 10.0.40219.1
Project("{FAE04EC0-301F-11D3-BF4B-00C04F79EFBC}") = "MegaDeskWeb", "MegaDeskWeb\MegaDeskWeb.csproj", "{1072746E-59A8-4FFA-9F5E-99F605D59015}"
EndProject
Global
	GlobalSection(SolutionConfigurationPlatforms) = preSolution
		Debug|Any CPU = Debug|Any CPU
		Release|Any CPU = Release|Any CPU
	EndGlobalSection
	GlobalSection(ProjectConfigurationPlatforms) = postSolution
		{1072746E-59A8-4FFA-9F5E-99F605D59015}.Debug|Any CPU.ActiveCfg = Debug|Any CPU
		{1072746E-59A8-4FFA-9F5E-99F605D59015}.Debug|Any CPU.Build.0 = Debug|Any CPU
		{1072746E-59A8-4FFA-9F5E-99F605D59015}.Release|Any CPU.ActiveCfg = Release|Any CPU
		{1072746E-59A8-4FFA-9F5E-99F605D59015}.Release|Any CPU.Build.0 = Release|Any CPU
	EndGlobalSection
	GlobalSection(SolutionProperties) = preSolution
		HideSolutionNode = FALSE
	EndGlobalSection
	GlobalSection(ExtensibilityGlobals) = postSolution
		SolutionGuid = {F3706B20-A4E5-4F90-AB9C-129C0B9396EB}
	EndGlobalSection
EndGlobal
